
Microsoft Visual Studio Solution File, Format Version 12.00
# Visual Studio Version 17
VisualStudioVersion = 17.3.32804.467
MinimumVisualStudioVersion = 10.0.40219.1
Project("{FAE04EC0-301F-11D3-BF4B-00C04F79EFBC}") = "Checkersgame", "Checkersgame\Checkersgame.csproj", "{C66252CD-6432-4FE8-BB4B-7DD795E26AA6}"
EndProject
Global
	GlobalSection(SolutionConfigurationPlatforms) = preSolution
		Debug|Any CPU = Debug|Any CPU
		Release|Any CPU = Release|Any CPU
	EndGlobalSection
	GlobalSection(ProjectConfigurationPlatforms) = postSolution
		{C66252CD-6432-4FE8-BB4B-7DD795E26AA6}.Debug|Any CPU.ActiveCfg = Debug|Any CPU
		{C66252CD-6432-4FE8-BB4B-7DD795E26AA6}.Debug|Any CPU.Build.0 = Debug|Any CPU
		{C66252CD-6432-4FE8-BB4B-7DD795E26AA6}.Release|Any CPU.ActiveCfg = Release|Any CPU
		{C66252CD-6432-4FE8-BB4B-7DD795E26AA6}.Release|Any CPU.Build.0 = Release|Any CPU
	EndGlobalSection
	GlobalSection(SolutionProperties) = preSolution
		HideSolutionNode = FALSE
	EndGlobalSection
	GlobalSection(ExtensibilityGlobals) = postSolution
		SolutionGuid = {D5955C9E-96C5-4725-936F-AB7CDBB65645}
	EndGlobalSection
EndGlobal
